// !$*UTF8*$!
{
	archiveVersion = 1;
	classes = {
	};
	objectVersion = 50;
	objects = {

/* Begin PBXBuildFile section */
		129BEA3BAA82294919A0CECD /* libPods-RicksFiends.a in Frameworks */ = {isa = PBXBuildFile; fileRef = 323241D6CF41888EA8D92580 /* libPods-RicksFiends.a */; };
		F350DAB6288D4CDD00D2D348 /* TabBarAssembly.swift in Sources */ = {isa = PBXBuildFile; fileRef = F350DAB5288D4CDD00D2D348 /* TabBarAssembly.swift */; };
		F350DAB9288D4D5400D2D348 /* TabBarViewController.swift in Sources */ = {isa = PBXBuildFile; fileRef = F350DAB8288D4D5400D2D348 /* TabBarViewController.swift */; };
		F350DABC288D4ECC00D2D348 /* TabBarRouterImpl.swift in Sources */ = {isa = PBXBuildFile; fileRef = F350DABB288D4ECC00D2D348 /* TabBarRouterImpl.swift */; };
		F350DABE288D4EDC00D2D348 /* TabBarRouter.swift in Sources */ = {isa = PBXBuildFile; fileRef = F350DABD288D4EDC00D2D348 /* TabBarRouter.swift */; };
		F350DAC4288D512400D2D348 /* CharactersListViewController.swift in Sources */ = {isa = PBXBuildFile; fileRef = F350DAC3288D512400D2D348 /* CharactersListViewController.swift */; };
		F350DAC7288D514400D2D348 /* EpisodesListViewController.swift in Sources */ = {isa = PBXBuildFile; fileRef = F350DAC6288D514400D2D348 /* EpisodesListViewController.swift */; };
		F350DACA288D515B00D2D348 /* LocationsListViewController.swift in Sources */ = {isa = PBXBuildFile; fileRef = F350DAC9288D515B00D2D348 /* LocationsListViewController.swift */; };
		F350DACD288D540200D2D348 /* TabBarModuleInput.swift in Sources */ = {isa = PBXBuildFile; fileRef = F350DACC288D540200D2D348 /* TabBarModuleInput.swift */; };
		F350DACF288D550600D2D348 /* TabBarPresenter.swift in Sources */ = {isa = PBXBuildFile; fileRef = F350DACE288D550600D2D348 /* TabBarPresenter.swift */; };
		F350DAD2288D559600D2D348 /* TabBarInteractor.swift in Sources */ = {isa = PBXBuildFile; fileRef = F350DAD1288D559600D2D348 /* TabBarInteractor.swift */; };
		F350DAD4288D55D800D2D348 /* TabBarInteractorImpl.swift in Sources */ = {isa = PBXBuildFile; fileRef = F350DAD3288D55D800D2D348 /* TabBarInteractorImpl.swift */; };
		F350DAD6288D576400D2D348 /* TabBarViewInput.swift in Sources */ = {isa = PBXBuildFile; fileRef = F350DAD5288D576400D2D348 /* TabBarViewInput.swift */; };
		F350DADB288D598E00D2D348 /* LocationListAssembly.swift in Sources */ = {isa = PBXBuildFile; fileRef = F350DADA288D598E00D2D348 /* LocationListAssembly.swift */; };
		F350DADD288D59CF00D2D348 /* EpisodeListAssembly.swift in Sources */ = {isa = PBXBuildFile; fileRef = F350DADC288D59CF00D2D348 /* EpisodeListAssembly.swift */; };
		F350DADF288D5A0300D2D348 /* CharactersListAssembly.swift in Sources */ = {isa = PBXBuildFile; fileRef = F350DADE288D5A0300D2D348 /* CharactersListAssembly.swift */; };
		F3C9F2C5288D2F5C001EE954 /* Localizable.strings in Resources */ = {isa = PBXBuildFile; fileRef = F3C9F2C7288D2F5C001EE954 /* Localizable.strings */; };
		F3C9F2C9288D30CB001EE954 /* ApplicationAssembly.swift in Sources */ = {isa = PBXBuildFile; fileRef = F3C9F2C8288D30CB001EE954 /* ApplicationAssembly.swift */; };
		F3C9F2CB288D3165001EE954 /* AppDelegateProxy.swift in Sources */ = {isa = PBXBuildFile; fileRef = F3C9F2CA288D3165001EE954 /* AppDelegateProxy.swift */; };
		F3C9F2D2288D3B96001EE954 /* main.swift in Sources */ = {isa = PBXBuildFile; fileRef = F3C9F2D1288D3B96001EE954 /* main.swift */; };
		F6BB955526A33D430092AC2B /* AppDelegate.swift in Sources */ = {isa = PBXBuildFile; fileRef = F6BB955426A33D430092AC2B /* AppDelegate.swift */; };
		F6BB955E26A33D440092AC2B /* Assets.xcassets in Resources */ = {isa = PBXBuildFile; fileRef = F6BB955D26A33D440092AC2B /* Assets.xcassets */; };
		F6BB956126A33D440092AC2B /* LaunchScreen.storyboard in Resources */ = {isa = PBXBuildFile; fileRef = F6BB955F26A33D440092AC2B /* LaunchScreen.storyboard */; };
/* End PBXBuildFile section */

/* Begin PBXBuildRule section */
		F3EEBC31288D3F2F00F4CF68 /* PBXBuildRule */ = {
			isa = PBXBuildRule;
			compilerSpec = "com.apple.build-tasks.copy-plist-file";
			fileType = text.plist;
			inputFiles = (
			);
			isEditable = 1;
			outputFiles = (
			);
			script = "# builtin-copyPlist\n";
		};
/* End PBXBuildRule section */

/* Begin PBXFileReference section */
		323241D6CF41888EA8D92580 /* libPods-RicksFiends.a */ = {isa = PBXFileReference; explicitFileType = archive.ar; includeInIndex = 0; path = "libPods-RicksFiends.a"; sourceTree = BUILT_PRODUCTS_DIR; };
		AC51ED95995FE52E7058E3D5 /* Pods-RicksFiends.release.xcconfig */ = {isa = PBXFileReference; includeInIndex = 1; lastKnownFileType = text.xcconfig; name = "Pods-RicksFiends.release.xcconfig"; path = "Target Support Files/Pods-RicksFiends/Pods-RicksFiends.release.xcconfig"; sourceTree = "<group>"; };
		F350DAB5288D4CDD00D2D348 /* TabBarAssembly.swift */ = {isa = PBXFileReference; lastKnownFileType = sourcecode.swift; path = TabBarAssembly.swift; sourceTree = "<group>"; };
		F350DAB8288D4D5400D2D348 /* TabBarViewController.swift */ = {isa = PBXFileReference; lastKnownFileType = sourcecode.swift; path = TabBarViewController.swift; sourceTree = "<group>"; };
		F350DABB288D4ECC00D2D348 /* TabBarRouterImpl.swift */ = {isa = PBXFileReference; lastKnownFileType = sourcecode.swift; path = TabBarRouterImpl.swift; sourceTree = "<group>"; };
		F350DABD288D4EDC00D2D348 /* TabBarRouter.swift */ = {isa = PBXFileReference; lastKnownFileType = sourcecode.swift; path = TabBarRouter.swift; sourceTree = "<group>"; };
		F350DAC3288D512400D2D348 /* CharactersListViewController.swift */ = {isa = PBXFileReference; lastKnownFileType = sourcecode.swift; path = CharactersListViewController.swift; sourceTree = "<group>"; };
		F350DAC6288D514400D2D348 /* EpisodesListViewController.swift */ = {isa = PBXFileReference; lastKnownFileType = sourcecode.swift; path = EpisodesListViewController.swift; sourceTree = "<group>"; };
		F350DAC9288D515B00D2D348 /* LocationsListViewController.swift */ = {isa = PBXFileReference; lastKnownFileType = sourcecode.swift; path = LocationsListViewController.swift; sourceTree = "<group>"; };
		F350DACC288D540200D2D348 /* TabBarModuleInput.swift */ = {isa = PBXFileReference; lastKnownFileType = sourcecode.swift; path = TabBarModuleInput.swift; sourceTree = "<group>"; };
		F350DACE288D550600D2D348 /* TabBarPresenter.swift */ = {isa = PBXFileReference; lastKnownFileType = sourcecode.swift; path = TabBarPresenter.swift; sourceTree = "<group>"; };
		F350DAD1288D559600D2D348 /* TabBarInteractor.swift */ = {isa = PBXFileReference; lastKnownFileType = sourcecode.swift; path = TabBarInteractor.swift; sourceTree = "<group>"; };
		F350DAD3288D55D800D2D348 /* TabBarInteractorImpl.swift */ = {isa = PBXFileReference; lastKnownFileType = sourcecode.swift; path = TabBarInteractorImpl.swift; sourceTree = "<group>"; };
		F350DAD5288D576400D2D348 /* TabBarViewInput.swift */ = {isa = PBXFileReference; lastKnownFileType = sourcecode.swift; path = TabBarViewInput.swift; sourceTree = "<group>"; };
		F350DADA288D598E00D2D348 /* LocationListAssembly.swift */ = {isa = PBXFileReference; lastKnownFileType = sourcecode.swift; path = LocationListAssembly.swift; sourceTree = "<group>"; };
		F350DADC288D59CF00D2D348 /* EpisodeListAssembly.swift */ = {isa = PBXFileReference; lastKnownFileType = sourcecode.swift; path = EpisodeListAssembly.swift; sourceTree = "<group>"; };
		F350DADE288D5A0300D2D348 /* CharactersListAssembly.swift */ = {isa = PBXFileReference; lastKnownFileType = sourcecode.swift; path = CharactersListAssembly.swift; sourceTree = "<group>"; };
		F3C9F2C6288D2F5C001EE954 /* en */ = {isa = PBXFileReference; lastKnownFileType = text.plist.strings; name = en; path = en.lproj/Localizable.strings; sourceTree = "<group>"; };
		F3C9F2C8288D30CB001EE954 /* ApplicationAssembly.swift */ = {isa = PBXFileReference; lastKnownFileType = sourcecode.swift; path = ApplicationAssembly.swift; sourceTree = "<group>"; };
		F3C9F2CA288D3165001EE954 /* AppDelegateProxy.swift */ = {isa = PBXFileReference; lastKnownFileType = sourcecode.swift; path = AppDelegateProxy.swift; sourceTree = "<group>"; };
		F3C9F2D1288D3B96001EE954 /* main.swift */ = {isa = PBXFileReference; lastKnownFileType = sourcecode.swift; path = main.swift; sourceTree = "<group>"; };
		F6BB955126A33D430092AC2B /* RicksFiends.app */ = {isa = PBXFileReference; explicitFileType = wrapper.application; includeInIndex = 0; path = RicksFiends.app; sourceTree = BUILT_PRODUCTS_DIR; };
		F6BB955426A33D430092AC2B /* AppDelegate.swift */ = {isa = PBXFileReference; lastKnownFileType = sourcecode.swift; path = AppDelegate.swift; sourceTree = "<group>"; };
		F6BB955D26A33D440092AC2B /* Assets.xcassets */ = {isa = PBXFileReference; lastKnownFileType = folder.assetcatalog; path = Assets.xcassets; sourceTree = "<group>"; };
		F6BB956026A33D440092AC2B /* Base */ = {isa = PBXFileReference; lastKnownFileType = file.storyboard; name = Base; path = Base.lproj/LaunchScreen.storyboard; sourceTree = "<group>"; };
		F6BB956226A33D440092AC2B /* Info.plist */ = {isa = PBXFileReference; lastKnownFileType = text.plist.xml; path = Info.plist; sourceTree = "<group>"; };
		F9EDDC041D15E79F5AAE07EF /* Pods-RicksFiends.debug.xcconfig */ = {isa = PBXFileReference; includeInIndex = 1; lastKnownFileType = text.xcconfig; name = "Pods-RicksFiends.debug.xcconfig"; path = "Target Support Files/Pods-RicksFiends/Pods-RicksFiends.debug.xcconfig"; sourceTree = "<group>"; };
/* End PBXFileReference section */

/* Begin PBXFrameworksBuildPhase section */
		F6BB954E26A33D430092AC2B /* Frameworks */ = {
			isa = PBXFrameworksBuildPhase;
			buildActionMask = 2147483647;
			files = (
				129BEA3BAA82294919A0CECD /* libPods-RicksFiends.a in Frameworks */,
			);
			runOnlyForDeploymentPostprocessing = 0;
		};
/* End PBXFrameworksBuildPhase section */

/* Begin PBXGroup section */
		54045565170EBB4CB57FD5FF /* Frameworks */ = {
			isa = PBXGroup;
			children = (
				323241D6CF41888EA8D92580 /* libPods-RicksFiends.a */,
			);
			name = Frameworks;
			sourceTree = "<group>";
		};
		DD9CC0FA32008F65412289CC /* Pods */ = {
			isa = PBXGroup;
			children = (
				F9EDDC041D15E79F5AAE07EF /* Pods-RicksFiends.debug.xcconfig */,
				AC51ED95995FE52E7058E3D5 /* Pods-RicksFiends.release.xcconfig */,
			);
			path = Pods;
			sourceTree = "<group>";
		};
		F350DAB2288D4C8D00D2D348 /* UserCases */ = {
			isa = PBXGroup;
			children = (
				F350DAC1288D50E200D2D348 /* LocationsUserCase */,
				F350DAC0288D50CC00D2D348 /* EpisodesUserCase */,
				F350DABF288D50B600D2D348 /* CharactersUserCase */,
				F350DAB3288D4CAE00D2D348 /* TabBarUserCase */,
			);
			path = UserCases;
			sourceTree = "<group>";
		};
		F350DAB3288D4CAE00D2D348 /* TabBarUserCase */ = {
			isa = PBXGroup;
			children = (
				F350DAB4288D4CC300D2D348 /* Assembly */,
				F350DAD0288D558000D2D348 /* TabBarInteractor */,
				F350DACB288D53DF00D2D348 /* Presenter */,
				F350DABA288D4EAF00D2D348 /* Router */,
				F350DAB7288D4D1100D2D348 /* View */,
			);
			path = TabBarUserCase;
			sourceTree = "<group>";
		};
		F350DAB4288D4CC300D2D348 /* Assembly */ = {
			isa = PBXGroup;
			children = (
				F350DAB5288D4CDD00D2D348 /* TabBarAssembly.swift */,
			);
			path = Assembly;
			sourceTree = "<group>";
		};
		F350DAB7288D4D1100D2D348 /* View */ = {
			isa = PBXGroup;
			children = (
				F350DAD5288D576400D2D348 /* TabBarViewInput.swift */,
				F350DAB8288D4D5400D2D348 /* TabBarViewController.swift */,
			);
			path = View;
			sourceTree = "<group>";
		};
		F350DABA288D4EAF00D2D348 /* Router */ = {
			isa = PBXGroup;
			children = (
				F350DABD288D4EDC00D2D348 /* TabBarRouter.swift */,
				F350DABB288D4ECC00D2D348 /* TabBarRouterImpl.swift */,
			);
			path = Router;
			sourceTree = "<group>";
		};
		F350DABF288D50B600D2D348 /* CharactersUserCase */ = {
			isa = PBXGroup;
			children = (
				F350DAD7288D594D00D2D348 /* Assembly */,
				F350DAC2288D510A00D2D348 /* View */,
			);
			path = CharactersUserCase;
			sourceTree = "<group>";
		};
		F350DAC0288D50CC00D2D348 /* EpisodesUserCase */ = {
			isa = PBXGroup;
			children = (
				F350DAD8288D595700D2D348 /* Assembly */,
				F350DAC5288D513300D2D348 /* View */,
			);
			path = EpisodesUserCase;
			sourceTree = "<group>";
		};
		F350DAC1288D50E200D2D348 /* LocationsUserCase */ = {
			isa = PBXGroup;
			children = (
				F350DAD9288D595C00D2D348 /* Assembly */,
				F350DAC8288D514A00D2D348 /* View */,
			);
			path = LocationsUserCase;
			sourceTree = "<group>";
		};
		F350DAC2288D510A00D2D348 /* View */ = {
			isa = PBXGroup;
			children = (
				F350DAC3288D512400D2D348 /* CharactersListViewController.swift */,
			);
			path = View;
			sourceTree = "<group>";
		};
		F350DAC5288D513300D2D348 /* View */ = {
			isa = PBXGroup;
			children = (
				F350DAC6288D514400D2D348 /* EpisodesListViewController.swift */,
			);
			path = View;
			sourceTree = "<group>";
		};
		F350DAC8288D514A00D2D348 /* View */ = {
			isa = PBXGroup;
			children = (
				F350DAC9288D515B00D2D348 /* LocationsListViewController.swift */,
			);
			path = View;
			sourceTree = "<group>";
		};
		F350DACB288D53DF00D2D348 /* Presenter */ = {
			isa = PBXGroup;
			children = (
				F350DACC288D540200D2D348 /* TabBarModuleInput.swift */,
				F350DACE288D550600D2D348 /* TabBarPresenter.swift */,
			);
			path = Presenter;
			sourceTree = "<group>";
		};
		F350DAD0288D558000D2D348 /* TabBarInteractor */ = {
			isa = PBXGroup;
			children = (
				F350DAD1288D559600D2D348 /* TabBarInteractor.swift */,
				F350DAD3288D55D800D2D348 /* TabBarInteractorImpl.swift */,
			);
			path = TabBarInteractor;
			sourceTree = "<group>";
		};
		F350DAD7288D594D00D2D348 /* Assembly */ = {
			isa = PBXGroup;
			children = (
				F350DADE288D5A0300D2D348 /* CharactersListAssembly.swift */,
			);
			path = Assembly;
			sourceTree = "<group>";
		};
		F350DAD8288D595700D2D348 /* Assembly */ = {
			isa = PBXGroup;
			children = (
				F350DADC288D59CF00D2D348 /* EpisodeListAssembly.swift */,
			);
			path = Assembly;
			sourceTree = "<group>";
		};
		F350DAD9288D595C00D2D348 /* Assembly */ = {
			isa = PBXGroup;
			children = (
				F350DADA288D598E00D2D348 /* LocationListAssembly.swift */,
			);
			path = Assembly;
			sourceTree = "<group>";
		};
		F3C9F2CE288D3A74001EE954 /* Sources */ = {
			isa = PBXGroup;
			children = (
				F3C9F2D3288D3C14001EE954 /* ApplicationLayer */,
				F3C9F2D4288D3C1F001EE954 /* PresentationLayer */,
			);
			path = Sources;
			sourceTree = "<group>";
		};
		F3C9F2CF288D3B26001EE954 /* Resources */ = {
			isa = PBXGroup;
			children = (
				F6BB955D26A33D440092AC2B /* Assets.xcassets */,
				F3C9F2C7288D2F5C001EE954 /* Localizable.strings */,
			);
			path = Resources;
			sourceTree = "<group>";
		};
		F3C9F2D0288D3B55001EE954 /* SupportFiles */ = {
			isa = PBXGroup;
			children = (
				F6BB956226A33D440092AC2B /* Info.plist */,
				F3C9F2D1288D3B96001EE954 /* main.swift */,
			);
			path = SupportFiles;
			sourceTree = "<group>";
		};
		F3C9F2D3288D3C14001EE954 /* ApplicationLayer */ = {
			isa = PBXGroup;
			children = (
				F6BB955426A33D430092AC2B /* AppDelegate.swift */,
				F3C9F2CA288D3165001EE954 /* AppDelegateProxy.swift */,
				F3C9F2C8288D30CB001EE954 /* ApplicationAssembly.swift */,
			);
			path = ApplicationLayer;
			sourceTree = "<group>";
		};
		F3C9F2D4288D3C1F001EE954 /* PresentationLayer */ = {
			isa = PBXGroup;
			children = (
				F350DAB2288D4C8D00D2D348 /* UserCases */,
				F6BB955F26A33D440092AC2B /* LaunchScreen.storyboard */,
			);
			path = PresentationLayer;
			sourceTree = "<group>";
		};
		F6BB954826A33D430092AC2B = {
			isa = PBXGroup;
			children = (
				F6BB955326A33D430092AC2B /* RicksFiends */,
				F6BB955226A33D430092AC2B /* Products */,
				DD9CC0FA32008F65412289CC /* Pods */,
				54045565170EBB4CB57FD5FF /* Frameworks */,
			);
			sourceTree = "<group>";
		};
		F6BB955226A33D430092AC2B /* Products */ = {
			isa = PBXGroup;
			children = (
				F6BB955126A33D430092AC2B /* RicksFiends.app */,
			);
			name = Products;
			sourceTree = "<group>";
		};
		F6BB955326A33D430092AC2B /* RicksFiends */ = {
			isa = PBXGroup;
			children = (
				F3C9F2CE288D3A74001EE954 /* Sources */,
				F3C9F2CF288D3B26001EE954 /* Resources */,
				F3C9F2D0288D3B55001EE954 /* SupportFiles */,
			);
			path = RicksFiends;
			sourceTree = "<group>";
		};
/* End PBXGroup section */

/* Begin PBXNativeTarget section */
		F6BB955026A33D430092AC2B /* RicksFiends */ = {
			isa = PBXNativeTarget;
			buildConfigurationList = F6BB956526A33D440092AC2B /* Build configuration list for PBXNativeTarget "RicksFiends" */;
			buildPhases = (
				944B3B212DACE28B9F25F483 /* [CP] Check Pods Manifest.lock */,
				F6BB954D26A33D430092AC2B /* Sources */,
				F6BB954E26A33D430092AC2B /* Frameworks */,
				F6BB954F26A33D430092AC2B /* Resources */,
			);
			buildRules = (
				F3EEBC31288D3F2F00F4CF68 /* PBXBuildRule */,
			);
			dependencies = (
			);
			name = RicksFiends;
			productName = RicksFiends;
			productReference = F6BB955126A33D430092AC2B /* RicksFiends.app */;
			productType = "com.apple.product-type.application";
		};
/* End PBXNativeTarget section */

/* Begin PBXProject section */
		F6BB954926A33D430092AC2B /* Project object */ = {
			isa = PBXProject;
			attributes = {
				LastSwiftUpdateCheck = 1250;
				LastUpgradeCheck = 1250;
				TargetAttributes = {
					F6BB955026A33D430092AC2B = {
						CreatedOnToolsVersion = 12.5.1;
					};
				};
			};
			buildConfigurationList = F6BB954C26A33D430092AC2B /* Build configuration list for PBXProject "RicksFiends" */;
			compatibilityVersion = "Xcode 9.3";
			developmentRegion = en;
			hasScannedForEncodings = 0;
			knownRegions = (
				en,
				Base,
			);
			mainGroup = F6BB954826A33D430092AC2B;
			productRefGroup = F6BB955226A33D430092AC2B /* Products */;
			projectDirPath = "";
			projectRoot = "";
			targets = (
				F6BB955026A33D430092AC2B /* RicksFiends */,
			);
		};
/* End PBXProject section */

/* Begin PBXResourcesBuildPhase section */
		F6BB954F26A33D430092AC2B /* Resources */ = {
			isa = PBXResourcesBuildPhase;
			buildActionMask = 2147483647;
			files = (
				F6BB956126A33D440092AC2B /* LaunchScreen.storyboard in Resources */,
				F3C9F2C5288D2F5C001EE954 /* Localizable.strings in Resources */,
				F6BB955E26A33D440092AC2B /* Assets.xcassets in Resources */,
			);
			runOnlyForDeploymentPostprocessing = 0;
		};
/* End PBXResourcesBuildPhase section */

/* Begin PBXShellScriptBuildPhase section */
		944B3B212DACE28B9F25F483 /* [CP] Check Pods Manifest.lock */ = {
			isa = PBXShellScriptBuildPhase;
			buildActionMask = 2147483647;
			files = (
			);
			inputFileListPaths = (
			);
			inputPaths = (
				"${PODS_PODFILE_DIR_PATH}/Podfile.lock",
				"${PODS_ROOT}/Manifest.lock",
			);
			name = "[CP] Check Pods Manifest.lock";
			outputFileListPaths = (
			);
			outputPaths = (
				"$(DERIVED_FILE_DIR)/Pods-RicksFiends-checkManifestLockResult.txt",
			);
			runOnlyForDeploymentPostprocessing = 0;
			shellPath = /bin/sh;
			shellScript = "diff \"${PODS_PODFILE_DIR_PATH}/Podfile.lock\" \"${PODS_ROOT}/Manifest.lock\" > /dev/null\nif [ $? != 0 ] ; then\n    # print error to STDERR\n    echo \"error: The sandbox is not in sync with the Podfile.lock. Run 'pod install' or update your CocoaPods installation.\" >&2\n    exit 1\nfi\n# This output is used by Xcode 'outputs' to avoid re-running this script phase.\necho \"SUCCESS\" > \"${SCRIPT_OUTPUT_FILE_0}\"\n";
			showEnvVarsInLog = 0;
		};
/* End PBXShellScriptBuildPhase section */

/* Begin PBXSourcesBuildPhase section */
		F6BB954D26A33D430092AC2B /* Sources */ = {
			isa = PBXSourcesBuildPhase;
			buildActionMask = 2147483647;
			files = (
				F350DAD2288D559600D2D348 /* TabBarInteractor.swift in Sources */,
				F3C9F2C9288D30CB001EE954 /* ApplicationAssembly.swift in Sources */,
				F350DACF288D550600D2D348 /* TabBarPresenter.swift in Sources */,
				F350DAB6288D4CDD00D2D348 /* TabBarAssembly.swift in Sources */,
				F350DAC4288D512400D2D348 /* CharactersListViewController.swift in Sources */,
				F350DADD288D59CF00D2D348 /* EpisodeListAssembly.swift in Sources */,
				F350DABE288D4EDC00D2D348 /* TabBarRouter.swift in Sources */,
				F350DACD288D540200D2D348 /* TabBarModuleInput.swift in Sources */,
				F350DAD6288D576400D2D348 /* TabBarViewInput.swift in Sources */,
				F350DABC288D4ECC00D2D348 /* TabBarRouterImpl.swift in Sources */,
				F6BB955526A33D430092AC2B /* AppDelegate.swift in Sources */,
				F3C9F2D2288D3B96001EE954 /* main.swift in Sources */,
				F350DAB9288D4D5400D2D348 /* TabBarViewController.swift in Sources */,
				F350DAC7288D514400D2D348 /* EpisodesListViewController.swift in Sources */,
				F350DACA288D515B00D2D348 /* LocationsListViewController.swift in Sources */,
				F350DADB288D598E00D2D348 /* LocationListAssembly.swift in Sources */,
				F3C9F2CB288D3165001EE954 /* AppDelegateProxy.swift in Sources */,
				F350DADF288D5A0300D2D348 /* CharactersListAssembly.swift in Sources */,
				F350DAD4288D55D800D2D348 /* TabBarInteractorImpl.swift in Sources */,
			);
			runOnlyForDeploymentPostprocessing = 0;
		};
/* End PBXSourcesBuildPhase section */

/* Begin PBXVariantGroup section */
		F3C9F2C7288D2F5C001EE954 /* Localizable.strings */ = {
			isa = PBXVariantGroup;
			children = (
				F3C9F2C6288D2F5C001EE954 /* en */,
			);
			name = Localizable.strings;
			sourceTree = "<group>";
		};
		F6BB955F26A33D440092AC2B /* LaunchScreen.storyboard */ = {
			isa = PBXVariantGroup;
			children = (
				F6BB956026A33D440092AC2B /* Base */,
			);
			name = LaunchScreen.storyboard;
			sourceTree = "<group>";
		};
/* End PBXVariantGroup section */

/* Begin XCBuildConfiguration section */
		F6BB956326A33D440092AC2B /* Debug */ = {
			isa = XCBuildConfiguration;
			buildSettings = {
				ALWAYS_SEARCH_USER_PATHS = NO;
				CLANG_ANALYZER_NONNULL = YES;
				CLANG_ANALYZER_NUMBER_OBJECT_CONVERSION = YES_AGGRESSIVE;
				CLANG_CXX_LANGUAGE_STANDARD = "gnu++14";
				CLANG_CXX_LIBRARY = "libc++";
				CLANG_ENABLE_MODULES = YES;
				CLANG_ENABLE_OBJC_ARC = YES;
				CLANG_ENABLE_OBJC_WEAK = YES;
				CLANG_WARN_BLOCK_CAPTURE_AUTORELEASING = YES;
				CLANG_WARN_BOOL_CONVERSION = YES;
				CLANG_WARN_COMMA = YES;
				CLANG_WARN_CONSTANT_CONVERSION = YES;
				CLANG_WARN_DEPRECATED_OBJC_IMPLEMENTATIONS = YES;
				CLANG_WARN_DIRECT_OBJC_ISA_USAGE = YES_ERROR;
				CLANG_WARN_DOCUMENTATION_COMMENTS = YES;
				CLANG_WARN_EMPTY_BODY = YES;
				CLANG_WARN_ENUM_CONVERSION = YES;
				CLANG_WARN_INFINITE_RECURSION = YES;
				CLANG_WARN_INT_CONVERSION = YES;
				CLANG_WARN_NON_LITERAL_NULL_CONVERSION = YES;
				CLANG_WARN_OBJC_IMPLICIT_RETAIN_SELF = YES;
				CLANG_WARN_OBJC_LITERAL_CONVERSION = YES;
				CLANG_WARN_OBJC_ROOT_CLASS = YES_ERROR;
				CLANG_WARN_QUOTED_INCLUDE_IN_FRAMEWORK_HEADER = YES;
				CLANG_WARN_RANGE_LOOP_ANALYSIS = YES;
				CLANG_WARN_STRICT_PROTOTYPES = YES;
				CLANG_WARN_SUSPICIOUS_MOVE = YES;
				CLANG_WARN_UNGUARDED_AVAILABILITY = YES_AGGRESSIVE;
				CLANG_WARN_UNREACHABLE_CODE = YES;
				CLANG_WARN__DUPLICATE_METHOD_MATCH = YES;
				COPY_PHASE_STRIP = NO;
				DEBUG_INFORMATION_FORMAT = dwarf;
				ENABLE_STRICT_OBJC_MSGSEND = YES;
				ENABLE_TESTABILITY = YES;
				GCC_C_LANGUAGE_STANDARD = gnu11;
				GCC_DYNAMIC_NO_PIC = NO;
				GCC_NO_COMMON_BLOCKS = YES;
				GCC_OPTIMIZATION_LEVEL = 0;
				GCC_PREPROCESSOR_DEFINITIONS = (
					"DEBUG=1",
					"$(inherited)",
				);
				GCC_WARN_64_TO_32_BIT_CONVERSION = YES;
				GCC_WARN_ABOUT_RETURN_TYPE = YES_ERROR;
				GCC_WARN_UNDECLARED_SELECTOR = YES;
				GCC_WARN_UNINITIALIZED_AUTOS = YES_AGGRESSIVE;
				GCC_WARN_UNUSED_FUNCTION = YES;
				GCC_WARN_UNUSED_VARIABLE = YES;
				IPHONEOS_DEPLOYMENT_TARGET = 13.0;
				MTL_ENABLE_DEBUG_INFO = INCLUDE_SOURCE;
				MTL_FAST_MATH = YES;
				ONLY_ACTIVE_ARCH = YES;
				SDKROOT = iphoneos;
				SWIFT_ACTIVE_COMPILATION_CONDITIONS = DEBUG;
				SWIFT_OPTIMIZATION_LEVEL = "-Onone";
			};
			name = Debug;
		};
		F6BB956426A33D440092AC2B /* Release */ = {
			isa = XCBuildConfiguration;
			buildSettings = {
				ALWAYS_SEARCH_USER_PATHS = NO;
				CLANG_ANALYZER_NONNULL = YES;
				CLANG_ANALYZER_NUMBER_OBJECT_CONVERSION = YES_AGGRESSIVE;
				CLANG_CXX_LANGUAGE_STANDARD = "gnu++14";
				CLANG_CXX_LIBRARY = "libc++";
				CLANG_ENABLE_MODULES = YES;
				CLANG_ENABLE_OBJC_ARC = YES;
				CLANG_ENABLE_OBJC_WEAK = YES;
				CLANG_WARN_BLOCK_CAPTURE_AUTORELEASING = YES;
				CLANG_WARN_BOOL_CONVERSION = YES;
				CLANG_WARN_COMMA = YES;
				CLANG_WARN_CONSTANT_CONVERSION = YES;
				CLANG_WARN_DEPRECATED_OBJC_IMPLEMENTATIONS = YES;
				CLANG_WARN_DIRECT_OBJC_ISA_USAGE = YES_ERROR;
				CLANG_WARN_DOCUMENTATION_COMMENTS = YES;
				CLANG_WARN_EMPTY_BODY = YES;
				CLANG_WARN_ENUM_CONVERSION = YES;
				CLANG_WARN_INFINITE_RECURSION = YES;
				CLANG_WARN_INT_CONVERSION = YES;
				CLANG_WARN_NON_LITERAL_NULL_CONVERSION = YES;
				CLANG_WARN_OBJC_IMPLICIT_RETAIN_SELF = YES;
				CLANG_WARN_OBJC_LITERAL_CONVERSION = YES;
				CLANG_WARN_OBJC_ROOT_CLASS = YES_ERROR;
				CLANG_WARN_QUOTED_INCLUDE_IN_FRAMEWORK_HEADER = YES;
				CLANG_WARN_RANGE_LOOP_ANALYSIS = YES;
				CLANG_WARN_STRICT_PROTOTYPES = YES;
				CLANG_WARN_SUSPICIOUS_MOVE = YES;
				CLANG_WARN_UNGUARDED_AVAILABILITY = YES_AGGRESSIVE;
				CLANG_WARN_UNREACHABLE_CODE = YES;
				CLANG_WARN__DUPLICATE_METHOD_MATCH = YES;
				COPY_PHASE_STRIP = NO;
				DEBUG_INFORMATION_FORMAT = "dwarf-with-dsym";
				ENABLE_NS_ASSERTIONS = NO;
				ENABLE_STRICT_OBJC_MSGSEND = YES;
				GCC_C_LANGUAGE_STANDARD = gnu11;
				GCC_NO_COMMON_BLOCKS = YES;
				GCC_WARN_64_TO_32_BIT_CONVERSION = YES;
				GCC_WARN_ABOUT_RETURN_TYPE = YES_ERROR;
				GCC_WARN_UNDECLARED_SELECTOR = YES;
				GCC_WARN_UNINITIALIZED_AUTOS = YES_AGGRESSIVE;
				GCC_WARN_UNUSED_FUNCTION = YES;
				GCC_WARN_UNUSED_VARIABLE = YES;
				IPHONEOS_DEPLOYMENT_TARGET = 13.0;
				MTL_ENABLE_DEBUG_INFO = NO;
				MTL_FAST_MATH = YES;
				SDKROOT = iphoneos;
				SWIFT_COMPILATION_MODE = wholemodule;
				SWIFT_OPTIMIZATION_LEVEL = "-O";
				VALIDATE_PRODUCT = YES;
			};
			name = Release;
		};
		F6BB956626A33D440092AC2B /* Debug */ = {
			isa = XCBuildConfiguration;
			baseConfigurationReference = F9EDDC041D15E79F5AAE07EF /* Pods-RicksFiends.debug.xcconfig */;
			buildSettings = {
				ASSETCATALOG_COMPILER_APPICON_NAME = AppIcon;
				ASSETCATALOG_COMPILER_GLOBAL_ACCENT_COLOR_NAME = AccentColor;
				CODE_SIGN_STYLE = Automatic;
				DEVELOPMENT_TEAM = 5CA8RFTMHW;
				INFOPLIST_FILE = "$(SRCROOT)/RicksFiends/SupportFiles/Info.plist";
				IPHONEOS_DEPLOYMENT_TARGET = 13.0;
				LD_RUNPATH_SEARCH_PATHS = (
					"$(inherited)",
					"@executable_path/Frameworks",
				);
				PRODUCT_BUNDLE_IDENTIFIER = test.RicksFiends;
				PRODUCT_NAME = "$(TARGET_NAME)";
				SWIFT_VERSION = 5.0;
				TARGETED_DEVICE_FAMILY = 1;
			};
			name = Debug;
		};
		F6BB956726A33D440092AC2B /* Release */ = {
			isa = XCBuildConfiguration;
			baseConfigurationReference = AC51ED95995FE52E7058E3D5 /* Pods-RicksFiends.release.xcconfig */;
			buildSettings = {
				ASSETCATALOG_COMPILER_APPICON_NAME = AppIcon;
				ASSETCATALOG_COMPILER_GLOBAL_ACCENT_COLOR_NAME = AccentColor;
				CODE_SIGN_STYLE = Automatic;
				DEVELOPMENT_TEAM = 5CA8RFTMHW;
				INFOPLIST_FILE = "$(SRCROOT)/RicksFiends/SupportFiles/Info.plist";
				IPHONEOS_DEPLOYMENT_TARGET = 13.0;
				LD_RUNPATH_SEARCH_PATHS = (
					"$(inherited)",
					"@executable_path/Frameworks",
				);
				PRODUCT_BUNDLE_IDENTIFIER = test.RicksFiends;
				PRODUCT_NAME = "$(TARGET_NAME)";
				SWIFT_VERSION = 5.0;
				TARGETED_DEVICE_FAMILY = 1;
			};
			name = Release;
		};
/* End XCBuildConfiguration section */

/* Begin XCConfigurationList section */
		F6BB954C26A33D430092AC2B /* Build configuration list for PBXProject "RicksFiends" */ = {
			isa = XCConfigurationList;
			buildConfigurations = (
				F6BB956326A33D440092AC2B /* Debug */,
				F6BB956426A33D440092AC2B /* Release */,
			);
			defaultConfigurationIsVisible = 0;
			defaultConfigurationName = Release;
		};
		F6BB956526A33D440092AC2B /* Build configuration list for PBXNativeTarget "RicksFiends" */ = {
			isa = XCConfigurationList;
			buildConfigurations = (
				F6BB956626A33D440092AC2B /* Debug */,
				F6BB956726A33D440092AC2B /* Release */,
			);
			defaultConfigurationIsVisible = 0;
			defaultConfigurationName = Release;
		};
/* End XCConfigurationList section */
	};
	rootObject = F6BB954926A33D430092AC2B /* Project object */;
}
